// !$*UTF8*$!
{
	archiveVersion = 1;
	classes = {
	};
	objectVersion = 46;
	objects = {

/* Begin PBXBuildFile section */
		7087A3681FFAB02300E96D73 /* AppDelegate.swift in Sources */ = {isa = PBXBuildFile; fileRef = 7087A3671FFAB02300E96D73 /* AppDelegate.swift */; };
		7087A36D1FFAB02300E96D73 /* Main.storyboard in Resources */ = {isa = PBXBuildFile; fileRef = 7087A36B1FFAB02300E96D73 /* Main.storyboard */; };
		7087A3721FFAB02400E96D73 /* Assets.xcassets in Resources */ = {isa = PBXBuildFile; fileRef = 7087A3711FFAB02400E96D73 /* Assets.xcassets */; };
		7087A3751FFAB02400E96D73 /* LaunchScreen.storyboard in Resources */ = {isa = PBXBuildFile; fileRef = 7087A3731FFAB02400E96D73 /* LaunchScreen.storyboard */; };
		7087A3801FFAB02400E96D73 /* Alamofire_TestAppTests.swift in Sources */ = {isa = PBXBuildFile; fileRef = 7087A37F1FFAB02400E96D73 /* Alamofire_TestAppTests.swift */; };
		7087A38B1FFAB02400E96D73 /* Alamofire_TestAppUITests.swift in Sources */ = {isa = PBXBuildFile; fileRef = 7087A38A1FFAB02400E96D73 /* Alamofire_TestAppUITests.swift */; };
		7087A39A1FFABC7F00E96D73 /* NetworkManager.swift in Sources */ = {isa = PBXBuildFile; fileRef = 7087A3991FFABC7F00E96D73 /* NetworkManager.swift */; };
		7087A3A01FFABE1F00E96D73 /* CoreDataManager.swift in Sources */ = {isa = PBXBuildFile; fileRef = 7087A39F1FFABE1F00E96D73 /* CoreDataManager.swift */; };
		7087A3A51FFABFD300E96D73 /* Alamofire_TestApp.xcdatamodeld in Sources */ = {isa = PBXBuildFile; fileRef = 7087A3A31FFABFD300E96D73 /* Alamofire_TestApp.xcdatamodeld */; };
		7087A3A71FFABFE900E96D73 /* ViewController.swift in Sources */ = {isa = PBXBuildFile; fileRef = 7087A3A61FFABFE900E96D73 /* ViewController.swift */; };
		7087A3AA1FFAC23200E96D73 /* Constants.swift in Sources */ = {isa = PBXBuildFile; fileRef = 7087A3A91FFAC23200E96D73 /* Constants.swift */; };
		9EF5BC53AE910DE4D69B5E10 /* Pods_Alamofire_TestAppTests.framework in Frameworks */ = {isa = PBXBuildFile; fileRef = E3EA386364E1809B7B1F302B /* Pods_Alamofire_TestAppTests.framework */; };
		E3032D1FD630F9C28ACD7BE7 /* Pods_Alamofire_TestAppUITests.framework in Frameworks */ = {isa = PBXBuildFile; fileRef = 61CE72461CB208E8FEB972FE /* Pods_Alamofire_TestAppUITests.framework */; };
		F5F148C4CA92F380CA18E1E7 /* Pods_Alamofire_TestApp.framework in Frameworks */ = {isa = PBXBuildFile; fileRef = 32B2419306AB39CB76F33466 /* Pods_Alamofire_TestApp.framework */; };
/* End PBXBuildFile section */

/* Begin PBXContainerItemProxy section */
		7087A37C1FFAB02400E96D73 /* PBXContainerItemProxy */ = {
			isa = PBXContainerItemProxy;
			containerPortal = 7087A35C1FFAB02300E96D73 /* Project object */;
			proxyType = 1;
			remoteGlobalIDString = 7087A3631FFAB02300E96D73;
			remoteInfo = "Alamofire-TestApp";
		};
		7087A3871FFAB02400E96D73 /* PBXContainerItemProxy */ = {
			isa = PBXContainerItemProxy;
			containerPortal = 7087A35C1FFAB02300E96D73 /* Project object */;
			proxyType = 1;
			remoteGlobalIDString = 7087A3631FFAB02300E96D73;
			remoteInfo = "Alamofire-TestApp";
		};
/* End PBXContainerItemProxy section */

/* Begin PBXFileReference section */
		32B2419306AB39CB76F33466 /* Pods_Alamofire_TestApp.framework */ = {isa = PBXFileReference; explicitFileType = wrapper.framework; includeInIndex = 0; path = Pods_Alamofire_TestApp.framework; sourceTree = BUILT_PRODUCTS_DIR; };
		61CE72461CB208E8FEB972FE /* Pods_Alamofire_TestAppUITests.framework */ = {isa = PBXFileReference; explicitFileType = wrapper.framework; includeInIndex = 0; path = Pods_Alamofire_TestAppUITests.framework; sourceTree = BUILT_PRODUCTS_DIR; };
		7087A3641FFAB02300E96D73 /* Alamofire-TestApp.app */ = {isa = PBXFileReference; explicitFileType = wrapper.application; includeInIndex = 0; path = "Alamofire-TestApp.app"; sourceTree = BUILT_PRODUCTS_DIR; };
		7087A3671FFAB02300E96D73 /* AppDelegate.swift */ = {isa = PBXFileReference; lastKnownFileType = sourcecode.swift; path = AppDelegate.swift; sourceTree = "<group>"; };
		7087A36C1FFAB02300E96D73 /* Base */ = {isa = PBXFileReference; lastKnownFileType = file.storyboard; name = Base; path = Base.lproj/Main.storyboard; sourceTree = "<group>"; };
		7087A3711FFAB02400E96D73 /* Assets.xcassets */ = {isa = PBXFileReference; lastKnownFileType = folder.assetcatalog; path = Assets.xcassets; sourceTree = "<group>"; };
		7087A3741FFAB02400E96D73 /* Base */ = {isa = PBXFileReference; lastKnownFileType = file.storyboard; name = Base; path = Base.lproj/LaunchScreen.storyboard; sourceTree = "<group>"; };
		7087A3761FFAB02400E96D73 /* Info.plist */ = {isa = PBXFileReference; lastKnownFileType = text.plist.xml; path = Info.plist; sourceTree = "<group>"; };
		7087A37B1FFAB02400E96D73 /* Alamofire-TestAppTests.xctest */ = {isa = PBXFileReference; explicitFileType = wrapper.cfbundle; includeInIndex = 0; path = "Alamofire-TestAppTests.xctest"; sourceTree = BUILT_PRODUCTS_DIR; };
		7087A37F1FFAB02400E96D73 /* Alamofire_TestAppTests.swift */ = {isa = PBXFileReference; lastKnownFileType = sourcecode.swift; path = Alamofire_TestAppTests.swift; sourceTree = "<group>"; };
		7087A3811FFAB02400E96D73 /* Info.plist */ = {isa = PBXFileReference; lastKnownFileType = text.plist.xml; path = Info.plist; sourceTree = "<group>"; };
		7087A3861FFAB02400E96D73 /* Alamofire-TestAppUITests.xctest */ = {isa = PBXFileReference; explicitFileType = wrapper.cfbundle; includeInIndex = 0; path = "Alamofire-TestAppUITests.xctest"; sourceTree = BUILT_PRODUCTS_DIR; };
		7087A38A1FFAB02400E96D73 /* Alamofire_TestAppUITests.swift */ = {isa = PBXFileReference; lastKnownFileType = sourcecode.swift; path = Alamofire_TestAppUITests.swift; sourceTree = "<group>"; };
		7087A38C1FFAB02400E96D73 /* Info.plist */ = {isa = PBXFileReference; lastKnownFileType = text.plist.xml; path = Info.plist; sourceTree = "<group>"; };
		7087A3991FFABC7F00E96D73 /* NetworkManager.swift */ = {isa = PBXFileReference; fileEncoding = 4; lastKnownFileType = sourcecode.swift; name = NetworkManager.swift; path = Network/NetworkManager.swift; sourceTree = "<group>"; };
		7087A39F1FFABE1F00E96D73 /* CoreDataManager.swift */ = {isa = PBXFileReference; fileEncoding = 4; lastKnownFileType = sourcecode.swift; name = CoreDataManager.swift; path = CoreData/CoreDataManager.swift; sourceTree = "<group>"; };
		7087A3A41FFABFD300E96D73 /* Alamofire_TestApp.xcdatamodel */ = {isa = PBXFileReference; lastKnownFileType = wrapper.xcdatamodel; path = Alamofire_TestApp.xcdatamodel; sourceTree = "<group>"; };
		7087A3A61FFABFE900E96D73 /* ViewController.swift */ = {isa = PBXFileReference; fileEncoding = 4; lastKnownFileType = sourcecode.swift; name = ViewController.swift; path = ViewControllers/ViewController.swift; sourceTree = "<group>"; };
		7087A3A91FFAC23200E96D73 /* Constants.swift */ = {isa = PBXFileReference; fileEncoding = 4; lastKnownFileType = sourcecode.swift; name = Constants.swift; path = Util/Constants.swift; sourceTree = "<group>"; };
		7DB35B9A1C0AB57B5F0F6BF7 /* Pods-Alamofire-TestAppUITests.debug.xcconfig */ = {isa = PBXFileReference; includeInIndex = 1; lastKnownFileType = text.xcconfig; name = "Pods-Alamofire-TestAppUITests.debug.xcconfig"; path = "Pods/Target Support Files/Pods-Alamofire-TestAppUITests/Pods-Alamofire-TestAppUITests.debug.xcconfig"; sourceTree = "<group>"; };
		83A09605E35B99D9A1FFB856 /* Pods-Alamofire-TestAppUITests.release.xcconfig */ = {isa = PBXFileReference; includeInIndex = 1; lastKnownFileType = text.xcconfig; name = "Pods-Alamofire-TestAppUITests.release.xcconfig"; path = "Pods/Target Support Files/Pods-Alamofire-TestAppUITests/Pods-Alamofire-TestAppUITests.release.xcconfig"; sourceTree = "<group>"; };
		BF5BAD5999E690D10AE71C45 /* Pods-Alamofire-TestAppTests.debug.xcconfig */ = {isa = PBXFileReference; includeInIndex = 1; lastKnownFileType = text.xcconfig; name = "Pods-Alamofire-TestAppTests.debug.xcconfig"; path = "Pods/Target Support Files/Pods-Alamofire-TestAppTests/Pods-Alamofire-TestAppTests.debug.xcconfig"; sourceTree = "<group>"; };
		C0F3DCDDF7E4BFECC39AE4EA /* Pods-Alamofire-TestApp.debug.xcconfig */ = {isa = PBXFileReference; includeInIndex = 1; lastKnownFileType = text.xcconfig; name = "Pods-Alamofire-TestApp.debug.xcconfig"; path = "Pods/Target Support Files/Pods-Alamofire-TestApp/Pods-Alamofire-TestApp.debug.xcconfig"; sourceTree = "<group>"; };
		CB8C64297E0A4637A61E455F /* Pods-Alamofire-TestAppTests.release.xcconfig */ = {isa = PBXFileReference; includeInIndex = 1; lastKnownFileType = text.xcconfig; name = "Pods-Alamofire-TestAppTests.release.xcconfig"; path = "Pods/Target Support Files/Pods-Alamofire-TestAppTests/Pods-Alamofire-TestAppTests.release.xcconfig"; sourceTree = "<group>"; };
		E3EA386364E1809B7B1F302B /* Pods_Alamofire_TestAppTests.framework */ = {isa = PBXFileReference; explicitFileType = wrapper.framework; includeInIndex = 0; path = Pods_Alamofire_TestAppTests.framework; sourceTree = BUILT_PRODUCTS_DIR; };
		E53B3AE61C51F5500C9C897F /* Pods-Alamofire-TestApp.release.xcconfig */ = {isa = PBXFileReference; includeInIndex = 1; lastKnownFileType = text.xcconfig; name = "Pods-Alamofire-TestApp.release.xcconfig"; path = "Pods/Target Support Files/Pods-Alamofire-TestApp/Pods-Alamofire-TestApp.release.xcconfig"; sourceTree = "<group>"; };
/* End PBXFileReference section */

/* Begin PBXFrameworksBuildPhase section */
		7087A3611FFAB02300E96D73 /* Frameworks */ = {
			isa = PBXFrameworksBuildPhase;
			buildActionMask = 2147483647;
			files = (
				F5F148C4CA92F380CA18E1E7 /* Pods_Alamofire_TestApp.framework in Frameworks */,
			);
			runOnlyForDeploymentPostprocessing = 0;
		};
		7087A3781FFAB02400E96D73 /* Frameworks */ = {
			isa = PBXFrameworksBuildPhase;
			buildActionMask = 2147483647;
			files = (
				9EF5BC53AE910DE4D69B5E10 /* Pods_Alamofire_TestAppTests.framework in Frameworks */,
			);
			runOnlyForDeploymentPostprocessing = 0;
		};
		7087A3831FFAB02400E96D73 /* Frameworks */ = {
			isa = PBXFrameworksBuildPhase;
			buildActionMask = 2147483647;
			files = (
				E3032D1FD630F9C28ACD7BE7 /* Pods_Alamofire_TestAppUITests.framework in Frameworks */,
			);
			runOnlyForDeploymentPostprocessing = 0;
		};
/* End PBXFrameworksBuildPhase section */

/* Begin PBXGroup section */
		2E01B6BF43AA2BE6FE4ABAD5 /* Frameworks */ = {
			isa = PBXGroup;
			children = (
				32B2419306AB39CB76F33466 /* Pods_Alamofire_TestApp.framework */,
				E3EA386364E1809B7B1F302B /* Pods_Alamofire_TestAppTests.framework */,
				61CE72461CB208E8FEB972FE /* Pods_Alamofire_TestAppUITests.framework */,
			);
			name = Frameworks;
			sourceTree = "<group>";
		};
		7087A35B1FFAB02300E96D73 = {
			isa = PBXGroup;
			children = (
				7087A3661FFAB02300E96D73 /* Alamofire-TestApp */,
				7087A37E1FFAB02400E96D73 /* Alamofire-TestAppTests */,
				7087A3891FFAB02400E96D73 /* Alamofire-TestAppUITests */,
				7087A3651FFAB02300E96D73 /* Products */,
				85F4EA8FE6450E8D691B5346 /* Pods */,
				2E01B6BF43AA2BE6FE4ABAD5 /* Frameworks */,
			);
			sourceTree = "<group>";
		};
		7087A3651FFAB02300E96D73 /* Products */ = {
			isa = PBXGroup;
			children = (
				7087A3641FFAB02300E96D73 /* Alamofire-TestApp.app */,
				7087A37B1FFAB02400E96D73 /* Alamofire-TestAppTests.xctest */,
				7087A3861FFAB02400E96D73 /* Alamofire-TestAppUITests.xctest */,
			);
			name = Products;
			sourceTree = "<group>";
		};
		7087A3661FFAB02300E96D73 /* Alamofire-TestApp */ = {
			isa = PBXGroup;
			children = (
				7087A3671FFAB02300E96D73 /* AppDelegate.swift */,
				7087A3981FFABC5500E96D73 /* Network */,
				7087A39B1FFABD9600E96D73 /* Storyboards */,
				7087A39C1FFABDBC00E96D73 /* ViewControllers */,
				7087A39D1FFABDD100E96D73 /* CoreData */,
				7087A3A81FFAC1E800E96D73 /* Util */,
				7087A39E1FFABDDF00E96D73 /* Resources */,
			);
			path = "Alamofire-TestApp";
			sourceTree = "<group>";
		};
		7087A37E1FFAB02400E96D73 /* Alamofire-TestAppTests */ = {
			isa = PBXGroup;
			children = (
				7087A37F1FFAB02400E96D73 /* Alamofire_TestAppTests.swift */,
				7087A3811FFAB02400E96D73 /* Info.plist */,
			);
			path = "Alamofire-TestAppTests";
			sourceTree = "<group>";
		};
		7087A3891FFAB02400E96D73 /* Alamofire-TestAppUITests */ = {
			isa = PBXGroup;
			children = (
				7087A38A1FFAB02400E96D73 /* Alamofire_TestAppUITests.swift */,
				7087A38C1FFAB02400E96D73 /* Info.plist */,
			);
			path = "Alamofire-TestAppUITests";
			sourceTree = "<group>";
		};
		7087A3981FFABC5500E96D73 /* Network */ = {
			isa = PBXGroup;
			children = (
				7087A3991FFABC7F00E96D73 /* NetworkManager.swift */,
			);
			name = Network;
			sourceTree = "<group>";
		};
		7087A39B1FFABD9600E96D73 /* Storyboards */ = {
			isa = PBXGroup;
			children = (
				7087A36B1FFAB02300E96D73 /* Main.storyboard */,
				7087A3731FFAB02400E96D73 /* LaunchScreen.storyboard */,
			);
			name = Storyboards;
			sourceTree = "<group>";
		};
		7087A39C1FFABDBC00E96D73 /* ViewControllers */ = {
			isa = PBXGroup;
			children = (
				7087A3A61FFABFE900E96D73 /* ViewController.swift */,
			);
			name = ViewControllers;
			sourceTree = "<group>";
		};
		7087A39D1FFABDD100E96D73 /* CoreData */ = {
			isa = PBXGroup;
			children = (
				7087A39F1FFABE1F00E96D73 /* CoreDataManager.swift */,
				7087A3A31FFABFD300E96D73 /* Alamofire_TestApp.xcdatamodeld */,
			);
			name = CoreData;
			sourceTree = "<group>";
		};
		7087A39E1FFABDDF00E96D73 /* Resources */ = {
			isa = PBXGroup;
			children = (
				7087A3711FFAB02400E96D73 /* Assets.xcassets */,
				7087A3761FFAB02400E96D73 /* Info.plist */,
			);
			name = Resources;
			sourceTree = "<group>";
		};
		7087A3A81FFAC1E800E96D73 /* Util */ = {
			isa = PBXGroup;
			children = (
				7087A3A91FFAC23200E96D73 /* Constants.swift */,
			);
			name = Util;
			sourceTree = "<group>";
		};
		85F4EA8FE6450E8D691B5346 /* Pods */ = {
			isa = PBXGroup;
			children = (
				C0F3DCDDF7E4BFECC39AE4EA /* Pods-Alamofire-TestApp.debug.xcconfig */,
				E53B3AE61C51F5500C9C897F /* Pods-Alamofire-TestApp.release.xcconfig */,
				BF5BAD5999E690D10AE71C45 /* Pods-Alamofire-TestAppTests.debug.xcconfig */,
				CB8C64297E0A4637A61E455F /* Pods-Alamofire-TestAppTests.release.xcconfig */,
				7DB35B9A1C0AB57B5F0F6BF7 /* Pods-Alamofire-TestAppUITests.debug.xcconfig */,
				83A09605E35B99D9A1FFB856 /* Pods-Alamofire-TestAppUITests.release.xcconfig */,
			);
			name = Pods;
			sourceTree = "<group>";
		};
/* End PBXGroup section */

/* Begin PBXNativeTarget section */
		7087A3631FFAB02300E96D73 /* Alamofire-TestApp */ = {
			isa = PBXNativeTarget;
			buildConfigurationList = 7087A38F1FFAB02400E96D73 /* Build configuration list for PBXNativeTarget "Alamofire-TestApp" */;
			buildPhases = (
				47B6A323232F51480CA4FA4B /* [CP] Check Pods Manifest.lock */,
				7087A3601FFAB02300E96D73 /* Sources */,
				7087A3611FFAB02300E96D73 /* Frameworks */,
				7087A3621FFAB02300E96D73 /* Resources */,
				8B27470D45D6FC3FCF669F09 /* [CP] Embed Pods Frameworks */,
				10DA9AA79656F8EEDB87CA8C /* [CP] Copy Pods Resources */,
			);
			buildRules = (
			);
			dependencies = (
			);
			name = "Alamofire-TestApp";
			productName = "Alamofire-TestApp";
			productReference = 7087A3641FFAB02300E96D73 /* Alamofire-TestApp.app */;
			productType = "com.apple.product-type.application";
		};
		7087A37A1FFAB02400E96D73 /* Alamofire-TestAppTests */ = {
			isa = PBXNativeTarget;
			buildConfigurationList = 7087A3921FFAB02400E96D73 /* Build configuration list for PBXNativeTarget "Alamofire-TestAppTests" */;
			buildPhases = (
				0E500E0A18004EF1D9C0BB64 /* [CP] Check Pods Manifest.lock */,
				7087A3771FFAB02400E96D73 /* Sources */,
				7087A3781FFAB02400E96D73 /* Frameworks */,
				7087A3791FFAB02400E96D73 /* Resources */,
				893E4FD993AD291C553451EB /* [CP] Embed Pods Frameworks */,
				DC3D9E61BEA2327E36D3D914 /* [CP] Copy Pods Resources */,
			);
			buildRules = (
			);
			dependencies = (
				7087A37D1FFAB02400E96D73 /* PBXTargetDependency */,
			);
			name = "Alamofire-TestAppTests";
			productName = "Alamofire-TestAppTests";
			productReference = 7087A37B1FFAB02400E96D73 /* Alamofire-TestAppTests.xctest */;
			productType = "com.apple.product-type.bundle.unit-test";
		};
		7087A3851FFAB02400E96D73 /* Alamofire-TestAppUITests */ = {
			isa = PBXNativeTarget;
			buildConfigurationList = 7087A3951FFAB02400E96D73 /* Build configuration list for PBXNativeTarget "Alamofire-TestAppUITests" */;
			buildPhases = (
				FA1B4103BABCBE3BB141E76A /* [CP] Check Pods Manifest.lock */,
				7087A3821FFAB02400E96D73 /* Sources */,
				7087A3831FFAB02400E96D73 /* Frameworks */,
				7087A3841FFAB02400E96D73 /* Resources */,
				A500810B1EE950D832214522 /* [CP] Embed Pods Frameworks */,
				6276FEBE971BB408EA8776BC /* [CP] Copy Pods Resources */,
			);
			buildRules = (
			);
			dependencies = (
				7087A3881FFAB02400E96D73 /* PBXTargetDependency */,
			);
			name = "Alamofire-TestAppUITests";
			productName = "Alamofire-TestAppUITests";
			productReference = 7087A3861FFAB02400E96D73 /* Alamofire-TestAppUITests.xctest */;
			productType = "com.apple.product-type.bundle.ui-testing";
		};
/* End PBXNativeTarget section */

/* Begin PBXProject section */
		7087A35C1FFAB02300E96D73 /* Project object */ = {
			isa = PBXProject;
			attributes = {
				LastSwiftUpdateCheck = 0820;
				LastUpgradeCheck = 0820;
				ORGANIZATIONNAME = Yck;
				TargetAttributes = {
					7087A3631FFAB02300E96D73 = {
						CreatedOnToolsVersion = 8.2;
						DevelopmentTeam = 939V298WF5;
						ProvisioningStyle = Automatic;
					};
					7087A37A1FFAB02400E96D73 = {
						CreatedOnToolsVersion = 8.2;
						DevelopmentTeam = 939V298WF5;
						ProvisioningStyle = Automatic;
						TestTargetID = 7087A3631FFAB02300E96D73;
					};
					7087A3851FFAB02400E96D73 = {
						CreatedOnToolsVersion = 8.2;
						DevelopmentTeam = 939V298WF5;
						ProvisioningStyle = Automatic;
						TestTargetID = 7087A3631FFAB02300E96D73;
					};
				};
			};
			buildConfigurationList = 7087A35F1FFAB02300E96D73 /* Build configuration list for PBXProject "Alamofire-TestApp" */;
			compatibilityVersion = "Xcode 3.2";
			developmentRegion = English;
			hasScannedForEncodings = 0;
			knownRegions = (
				en,
				Base,
			);
			mainGroup = 7087A35B1FFAB02300E96D73;
			productRefGroup = 7087A3651FFAB02300E96D73 /* Products */;
			projectDirPath = "";
			projectRoot = "";
			targets = (
				7087A3631FFAB02300E96D73 /* Alamofire-TestApp */,
				7087A37A1FFAB02400E96D73 /* Alamofire-TestAppTests */,
				7087A3851FFAB02400E96D73 /* Alamofire-TestAppUITests */,
			);
		};
/* End PBXProject section */

/* Begin PBXResourcesBuildPhase section */
		7087A3621FFAB02300E96D73 /* Resources */ = {
			isa = PBXResourcesBuildPhase;
			buildActionMask = 2147483647;
			files = (
				7087A3751FFAB02400E96D73 /* LaunchScreen.storyboard in Resources */,
				7087A3721FFAB02400E96D73 /* Assets.xcassets in Resources */,
				7087A36D1FFAB02300E96D73 /* Main.storyboard in Resources */,
			);
			runOnlyForDeploymentPostprocessing = 0;
		};
		7087A3791FFAB02400E96D73 /* Resources */ = {
			isa = PBXResourcesBuildPhase;
			buildActionMask = 2147483647;
			files = (
			);
			runOnlyForDeploymentPostprocessing = 0;
		};
		7087A3841FFAB02400E96D73 /* Resources */ = {
			isa = PBXResourcesBuildPhase;
			buildActionMask = 2147483647;
			files = (
			);
			runOnlyForDeploymentPostprocessing = 0;
		};
/* End PBXResourcesBuildPhase section */

/* Begin PBXShellScriptBuildPhase section */
		0E500E0A18004EF1D9C0BB64 /* [CP] Check Pods Manifest.lock */ = {
			isa = PBXShellScriptBuildPhase;
			buildActionMask = 2147483647;
			files = (
			);
			inputPaths = (
				"${PODS_PODFILE_DIR_PATH}/Podfile.lock",
				"${PODS_ROOT}/Manifest.lock",
			);
			name = "[CP] Check Pods Manifest.lock";
			outputPaths = (
				"$(DERIVED_FILE_DIR)/Pods-Alamofire-TestAppTests-checkManifestLockResult.txt",
			);
			runOnlyForDeploymentPostprocessing = 0;
			shellPath = /bin/sh;
			shellScript = "diff \"${PODS_PODFILE_DIR_PATH}/Podfile.lock\" \"${PODS_ROOT}/Manifest.lock\" > /dev/null\nif [ $? != 0 ] ; then\n    # print error to STDERR\n    echo \"error: The sandbox is not in sync with the Podfile.lock. Run 'pod install' or update your CocoaPods installation.\" >&2\n    exit 1\nfi\n# This output is used by Xcode 'outputs' to avoid re-running this script phase.\necho \"SUCCESS\" > \"${SCRIPT_OUTPUT_FILE_0}\"\n";
			showEnvVarsInLog = 0;
		};
		10DA9AA79656F8EEDB87CA8C /* [CP] Copy Pods Resources */ = {
			isa = PBXShellScriptBuildPhase;
			buildActionMask = 2147483647;
			files = (
			);
			inputPaths = (
			);
			name = "[CP] Copy Pods Resources";
			outputPaths = (
			);
			runOnlyForDeploymentPostprocessing = 0;
			shellPath = /bin/sh;
			shellScript = "\"${SRCROOT}/Pods/Target Support Files/Pods-Alamofire-TestApp/Pods-Alamofire-TestApp-resources.sh\"\n";
			showEnvVarsInLog = 0;
		};
		47B6A323232F51480CA4FA4B /* [CP] Check Pods Manifest.lock */ = {
			isa = PBXShellScriptBuildPhase;
			buildActionMask = 2147483647;
			files = (
			);
			inputPaths = (
				"${PODS_PODFILE_DIR_PATH}/Podfile.lock",
				"${PODS_ROOT}/Manifest.lock",
			);
			name = "[CP] Check Pods Manifest.lock";
			outputPaths = (
				"$(DERIVED_FILE_DIR)/Pods-Alamofire-TestApp-checkManifestLockResult.txt",
			);
			runOnlyForDeploymentPostprocessing = 0;
			shellPath = /bin/sh;
			shellScript = "diff \"${PODS_PODFILE_DIR_PATH}/Podfile.lock\" \"${PODS_ROOT}/Manifest.lock\" > /dev/null\nif [ $? != 0 ] ; then\n    # print error to STDERR\n    echo \"error: The sandbox is not in sync with the Podfile.lock. Run 'pod install' or update your CocoaPods installation.\" >&2\n    exit 1\nfi\n# This output is used by Xcode 'outputs' to avoid re-running this script phase.\necho \"SUCCESS\" > \"${SCRIPT_OUTPUT_FILE_0}\"\n";
			showEnvVarsInLog = 0;
		};
		6276FEBE971BB408EA8776BC /* [CP] Copy Pods Resources */ = {
			isa = PBXShellScriptBuildPhase;
			buildActionMask = 2147483647;
			files = (
			);
			inputPaths = (
			);
			name = "[CP] Copy Pods Resources";
			outputPaths = (
			);
			runOnlyForDeploymentPostprocessing = 0;
			shellPath = /bin/sh;
			shellScript = "\"${SRCROOT}/Pods/Target Support Files/Pods-Alamofire-TestAppUITests/Pods-Alamofire-TestAppUITests-resources.sh\"\n";
			showEnvVarsInLog = 0;
		};
		893E4FD993AD291C553451EB /* [CP] Embed Pods Frameworks */ = {
			isa = PBXShellScriptBuildPhase;
			buildActionMask = 2147483647;
			files = (
			);
			inputPaths = (
			);
			name = "[CP] Embed Pods Frameworks";
			outputPaths = (
			);
			runOnlyForDeploymentPostprocessing = 0;
			shellPath = /bin/sh;
			shellScript = "\"${SRCROOT}/Pods/Target Support Files/Pods-Alamofire-TestAppTests/Pods-Alamofire-TestAppTests-frameworks.sh\"\n";
			showEnvVarsInLog = 0;
		};
		8B27470D45D6FC3FCF669F09 /* [CP] Embed Pods Frameworks */ = {
			isa = PBXShellScriptBuildPhase;
			buildActionMask = 2147483647;
			files = (
			);
			inputPaths = (
				"${SRCROOT}/Pods/Target Support Files/Pods-Alamofire-TestApp/Pods-Alamofire-TestApp-frameworks.sh",
				"${BUILT_PRODUCTS_DIR}/Alamofire/Alamofire.framework",
			);
			name = "[CP] Embed Pods Frameworks";
			outputPaths = (
				"${TARGET_BUILD_DIR}/${FRAMEWORKS_FOLDER_PATH}/Alamofire.framework",
			);
			runOnlyForDeploymentPostprocessing = 0;
			shellPath = /bin/sh;
			shellScript = "\"${SRCROOT}/Pods/Target Support Files/Pods-Alamofire-TestApp/Pods-Alamofire-TestApp-frameworks.sh\"\n";
			showEnvVarsInLog = 0;
		};
		A500810B1EE950D832214522 /* [CP] Embed Pods Frameworks */ = {
			isa = PBXShellScriptBuildPhase;
			buildActionMask = 2147483647;
			files = (
			);
			inputPaths = (
			);
			name = "[CP] Embed Pods Frameworks";
			outputPaths = (
			);
			runOnlyForDeploymentPostprocessing = 0;
			shellPath = /bin/sh;
			shellScript = "\"${SRCROOT}/Pods/Target Support Files/Pods-Alamofire-TestAppUITests/Pods-Alamofire-TestAppUITests-frameworks.sh\"\n";
			showEnvVarsInLog = 0;
		};
		DC3D9E61BEA2327E36D3D914 /* [CP] Copy Pods Resources */ = {
			isa = PBXShellScriptBuildPhase;
			buildActionMask = 2147483647;
			files = (
			);
			inputPaths = (
			);
			name = "[CP] Copy Pods Resources";
			outputPaths = (
			);
			runOnlyForDeploymentPostprocessing = 0;
			shellPath = /bin/sh;
			shellScript = "\"${SRCROOT}/Pods/Target Support Files/Pods-Alamofire-TestAppTests/Pods-Alamofire-TestAppTests-resources.sh\"\n";
			showEnvVarsInLog = 0;
		};
		FA1B4103BABCBE3BB141E76A /* [CP] Check Pods Manifest.lock */ = {
			isa = PBXShellScriptBuildPhase;
			buildActionMask = 2147483647;
			files = (
			);
			inputPaths = (
				"${PODS_PODFILE_DIR_PATH}/Podfile.lock",
				"${PODS_ROOT}/Manifest.lock",
			);
			name = "[CP] Check Pods Manifest.lock";
			outputPaths = (
				"$(DERIVED_FILE_DIR)/Pods-Alamofire-TestAppUITests-checkManifestLockResult.txt",
			);
			runOnlyForDeploymentPostprocessing = 0;
			shellPath = /bin/sh;
			shellScript = "diff \"${PODS_PODFILE_DIR_PATH}/Podfile.lock\" \"${PODS_ROOT}/Manifest.lock\" > /dev/null\nif [ $? != 0 ] ; then\n    # print error to STDERR\n    echo \"error: The sandbox is not in sync with the Podfile.lock. Run 'pod install' or update your CocoaPods installation.\" >&2\n    exit 1\nfi\n# This output is used by Xcode 'outputs' to avoid re-running this script phase.\necho \"SUCCESS\" > \"${SCRIPT_OUTPUT_FILE_0}\"\n";
			showEnvVarsInLog = 0;
		};
/* End PBXShellScriptBuildPhase section */

/* Begin PBXSourcesBuildPhase section */
		7087A3601FFAB02300E96D73 /* Sources */ = {
			isa = PBXSourcesBuildPhase;
			buildActionMask = 2147483647;
			files = (
				7087A3A71FFABFE900E96D73 /* ViewController.swift in Sources */,
				7087A39A1FFABC7F00E96D73 /* NetworkManager.swift in Sources */,
				7087A3A01FFABE1F00E96D73 /* CoreDataManager.swift in Sources */,
				7087A3A51FFABFD300E96D73 /* Alamofire_TestApp.xcdatamodeld in Sources */,
				7087A3681FFAB02300E96D73 /* AppDelegate.swift in Sources */,
				7087A3AA1FFAC23200E96D73 /* Constants.swift in Sources */,
			);
			runOnlyForDeploymentPostprocessing = 0;
		};
		7087A3771FFAB02400E96D73 /* Sources */ = {
			isa = PBXSourcesBuildPhase;
			buildActionMask = 2147483647;
			files = (
				7087A3801FFAB02400E96D73 /* Alamofire_TestAppTests.swift in Sources */,
			);
			runOnlyForDeploymentPostprocessing = 0;
		};
		7087A3821FFAB02400E96D73 /* Sources */ = {
			isa = PBXSourcesBuildPhase;
			buildActionMask = 2147483647;
			files = (
				7087A38B1FFAB02400E96D73 /* Alamofire_TestAppUITests.swift in Sources */,
			);
			runOnlyForDeploymentPostprocessing = 0;
		};
/* End PBXSourcesBuildPhase section */

/* Begin PBXTargetDependency section */
		7087A37D1FFAB02400E96D73 /* PBXTargetDependency */ = {
			isa = PBXTargetDependency;
			target = 7087A3631FFAB02300E96D73 /* Alamofire-TestApp */;
			targetProxy = 7087A37C1FFAB02400E96D73 /* PBXContainerItemProxy */;
		};
		7087A3881FFAB02400E96D73 /* PBXTargetDependency */ = {
			isa = PBXTargetDependency;
			target = 7087A3631FFAB02300E96D73 /* Alamofire-TestApp */;
			targetProxy = 7087A3871FFAB02400E96D73 /* PBXContainerItemProxy */;
		};
/* End PBXTargetDependency section */

/* Begin PBXVariantGroup section */
		7087A36B1FFAB02300E96D73 /* Main.storyboard */ = {
			isa = PBXVariantGroup;
			children = (
				7087A36C1FFAB02300E96D73 /* Base */,
			);
			name = Main.storyboard;
			sourceTree = "<group>";
		};
		7087A3731FFAB02400E96D73 /* LaunchScreen.storyboard */ = {
			isa = PBXVariantGroup;
			children = (
				7087A3741FFAB02400E96D73 /* Base */,
			);
			name = LaunchScreen.storyboard;
			sourceTree = "<group>";
		};
/* End PBXVariantGroup section */

/* Begin XCBuildConfiguration section */
		7087A38D1FFAB02400E96D73 /* Debug */ = {
			isa = XCBuildConfiguration;
			buildSettings = {
				ALWAYS_SEARCH_USER_PATHS = NO;
				CLANG_ANALYZER_NONNULL = YES;
				CLANG_CXX_LANGUAGE_STANDARD = "gnu++0x";
				CLANG_CXX_LIBRARY = "libc++";
				CLANG_ENABLE_MODULES = YES;
				CLANG_ENABLE_OBJC_ARC = YES;
				CLANG_WARN_BOOL_CONVERSION = YES;
				CLANG_WARN_CONSTANT_CONVERSION = YES;
				CLANG_WARN_DIRECT_OBJC_ISA_USAGE = YES_ERROR;
				CLANG_WARN_DOCUMENTATION_COMMENTS = YES;
				CLANG_WARN_EMPTY_BODY = YES;
				CLANG_WARN_ENUM_CONVERSION = YES;
				CLANG_WARN_INFINITE_RECURSION = YES;
				CLANG_WARN_INT_CONVERSION = YES;
				CLANG_WARN_OBJC_ROOT_CLASS = YES_ERROR;
				CLANG_WARN_SUSPICIOUS_MOVE = YES;
				CLANG_WARN_UNREACHABLE_CODE = YES;
				CLANG_WARN__DUPLICATE_METHOD_MATCH = YES;
				"CODE_SIGN_IDENTITY[sdk=iphoneos*]" = "iPhone Developer";
				COPY_PHASE_STRIP = NO;
				DEBUG_INFORMATION_FORMAT = dwarf;
				ENABLE_STRICT_OBJC_MSGSEND = YES;
				ENABLE_TESTABILITY = YES;
				GCC_C_LANGUAGE_STANDARD = gnu99;
				GCC_DYNAMIC_NO_PIC = NO;
				GCC_NO_COMMON_BLOCKS = YES;
				GCC_OPTIMIZATION_LEVEL = 0;
				GCC_PREPROCESSOR_DEFINITIONS = (
					"DEBUG=1",
					"$(inherited)",
				);
				GCC_WARN_64_TO_32_BIT_CONVERSION = YES;
				GCC_WARN_ABOUT_RETURN_TYPE = YES_ERROR;
				GCC_WARN_UNDECLARED_SELECTOR = YES;
				GCC_WARN_UNINITIALIZED_AUTOS = YES_AGGRESSIVE;
				GCC_WARN_UNUSED_FUNCTION = YES;
				GCC_WARN_UNUSED_VARIABLE = YES;
				IPHONEOS_DEPLOYMENT_TARGET = 10.2;
				MTL_ENABLE_DEBUG_INFO = YES;
				ONLY_ACTIVE_ARCH = YES;
				SDKROOT = iphoneos;
				SWIFT_ACTIVE_COMPILATION_CONDITIONS = DEBUG;
				SWIFT_OPTIMIZATION_LEVEL = "-Onone";
				TARGETED_DEVICE_FAMILY = "1,2";
			};
			name = Debug;
		};
		7087A38E1FFAB02400E96D73 /* Release */ = {
			isa = XCBuildConfiguration;
			buildSettings = {
				ALWAYS_SEARCH_USER_PATHS = NO;
				CLANG_ANALYZER_NONNULL = YES;
				CLANG_CXX_LANGUAGE_STANDARD = "gnu++0x";
				CLANG_CXX_LIBRARY = "libc++";
				CLANG_ENABLE_MODULES = YES;
				CLANG_ENABLE_OBJC_ARC = YES;
				CLANG_WARN_BOOL_CONVERSION = YES;
				CLANG_WARN_CONSTANT_CONVERSION = YES;
				CLANG_WARN_DIRECT_OBJC_ISA_USAGE = YES_ERROR;
				CLANG_WARN_DOCUMENTATION_COMMENTS = YES;
				CLANG_WARN_EMPTY_BODY = YES;
				CLANG_WARN_ENUM_CONVERSION = YES;
				CLANG_WARN_INFINITE_RECURSION = YES;
				CLANG_WARN_INT_CONVERSION = YES;
				CLANG_WARN_OBJC_ROOT_CLASS = YES_ERROR;
				CLANG_WARN_SUSPICIOUS_MOVE = YES;
				CLANG_WARN_UNREACHABLE_CODE = YES;
				CLANG_WARN__DUPLICATE_METHOD_MATCH = YES;
				"CODE_SIGN_IDENTITY[sdk=iphoneos*]" = "iPhone Developer";
				COPY_PHASE_STRIP = NO;
				DEBUG_INFORMATION_FORMAT = "dwarf-with-dsym";
				ENABLE_NS_ASSERTIONS = NO;
				ENABLE_STRICT_OBJC_MSGSEND = YES;
				GCC_C_LANGUAGE_STANDARD = gnu99;
				GCC_NO_COMMON_BLOCKS = YES;
				GCC_WARN_64_TO_32_BIT_CONVERSION = YES;
				GCC_WARN_ABOUT_RETURN_TYPE = YES_ERROR;
				GCC_WARN_UNDECLARED_SELECTOR = YES;
				GCC_WARN_UNINITIALIZED_AUTOS = YES_AGGRESSIVE;
				GCC_WARN_UNUSED_FUNCTION = YES;
				GCC_WARN_UNUSED_VARIABLE = YES;
				IPHONEOS_DEPLOYMENT_TARGET = 10.2;
				MTL_ENABLE_DEBUG_INFO = NO;
				SDKROOT = iphoneos;
				SWIFT_OPTIMIZATION_LEVEL = "-Owholemodule";
				TARGETED_DEVICE_FAMILY = "1,2";
				VALIDATE_PRODUCT = YES;
			};
			name = Release;
		};
		7087A3901FFAB02400E96D73 /* Debug */ = {
			isa = XCBuildConfiguration;
			baseConfigurationReference = C0F3DCDDF7E4BFECC39AE4EA /* Pods-Alamofire-TestApp.debug.xcconfig */;
			buildSettings = {
				ASSETCATALOG_COMPILER_APPICON_NAME = AppIcon;
				DEVELOPMENT_TEAM = 939V298WF5;
				INFOPLIST_FILE = "Alamofire-TestApp/Info.plist";
				IPHONEOS_DEPLOYMENT_TARGET = 10.2;
				LD_RUNPATH_SEARCH_PATHS = "$(inherited) @executable_path/Frameworks";
				PRODUCT_BUNDLE_IDENTIFIER = "com.deryck13.Alamofire-TestApp";
				PRODUCT_NAME = "$(TARGET_NAME)";
				SWIFT_VERSION = 3.0;
			};
			name = Debug;
		};
		7087A3911FFAB02400E96D73 /* Release */ = {
			isa = XCBuildConfiguration;
			baseConfigurationReference = E53B3AE61C51F5500C9C897F /* Pods-Alamofire-TestApp.release.xcconfig */;
			buildSettings = {
				ASSETCATALOG_COMPILER_APPICON_NAME = AppIcon;
				DEVELOPMENT_TEAM = 939V298WF5;
				INFOPLIST_FILE = "Alamofire-TestApp/Info.plist";
				IPHONEOS_DEPLOYMENT_TARGET = 10.2;
				LD_RUNPATH_SEARCH_PATHS = "$(inherited) @executable_path/Frameworks";
				PRODUCT_BUNDLE_IDENTIFIER = "com.deryck13.Alamofire-TestApp";
				PRODUCT_NAME = "$(TARGET_NAME)";
				SWIFT_VERSION = 3.0;
			};
			name = Release;
		};
		7087A3931FFAB02400E96D73 /* Debug */ = {
			isa = XCBuildConfiguration;
			baseConfigurationReference = BF5BAD5999E690D10AE71C45 /* Pods-Alamofire-TestAppTests.debug.xcconfig */;
			buildSettings = {
				ALWAYS_EMBED_SWIFT_STANDARD_LIBRARIES = YES;
				BUNDLE_LOADER = "$(TEST_HOST)";
				DEVELOPMENT_TEAM = 939V298WF5;
				INFOPLIST_FILE = "Alamofire-TestAppTests/Info.plist";
				LD_RUNPATH_SEARCH_PATHS = "$(inherited) @executable_path/Frameworks @loader_path/Frameworks";
				PRODUCT_BUNDLE_IDENTIFIER = "com.deryck13.Alamofire-TestAppTests";
				PRODUCT_NAME = "$(TARGET_NAME)";
				SWIFT_VERSION = 3.0;
				TEST_HOST = "$(BUILT_PRODUCTS_DIR)/Alamofire-TestApp.app/Alamofire-TestApp";
			};
			name = Debug;
		};
		7087A3941FFAB02400E96D73 /* Release */ = {
			isa = XCBuildConfiguration;
			baseConfigurationReference = CB8C64297E0A4637A61E455F /* Pods-Alamofire-TestAppTests.release.xcconfig */;
			buildSettings = {
				ALWAYS_EMBED_SWIFT_STANDARD_LIBRARIES = YES;
				BUNDLE_LOADER = "$(TEST_HOST)";
				DEVELOPMENT_TEAM = 939V298WF5;
				INFOPLIST_FILE = "Alamofire-TestAppTests/Info.plist";
				LD_RUNPATH_SEARCH_PATHS = "$(inherited) @executable_path/Frameworks @loader_path/Frameworks";
				PRODUCT_BUNDLE_IDENTIFIER = "com.deryck13.Alamofire-TestAppTests";
				PRODUCT_NAME = "$(TARGET_NAME)";
				SWIFT_VERSION = 3.0;
				TEST_HOST = "$(BUILT_PRODUCTS_DIR)/Alamofire-TestApp.app/Alamofire-TestApp";
			};
			name = Release;
		};
		7087A3961FFAB02400E96D73 /* Debug */ = {
			isa = XCBuildConfiguration;
			baseConfigurationReference = 7DB35B9A1C0AB57B5F0F6BF7 /* Pods-Alamofire-TestAppUITests.debug.xcconfig */;
			buildSettings = {
				ALWAYS_EMBED_SWIFT_STANDARD_LIBRARIES = YES;
				DEVELOPMENT_TEAM = 939V298WF5;
				INFOPLIST_FILE = "Alamofire-TestAppUITests/Info.plist";
				LD_RUNPATH_SEARCH_PATHS = "$(inherited) @executable_path/Frameworks @loader_path/Frameworks";
				PRODUCT_BUNDLE_IDENTIFIER = "com.deryck13.Alamofire-TestAppUITests";
				PRODUCT_NAME = "$(TARGET_NAME)";
				SWIFT_VERSION = 3.0;
				TEST_TARGET_NAME = "Alamofire-TestApp";
			};
			name = Debug;
		};
		7087A3971FFAB02400E96D73 /* Release */ = {
			isa = XCBuildConfiguration;
			baseConfigurationReference = 83A09605E35B99D9A1FFB856 /* Pods-Alamofire-TestAppUITests.release.xcconfig */;
			buildSettings = {
				ALWAYS_EMBED_SWIFT_STANDARD_LIBRARIES = YES;
				DEVELOPMENT_TEAM = 939V298WF5;
				INFOPLIST_FILE = "Alamofire-TestAppUITests/Info.plist";
				LD_RUNPATH_SEARCH_PATHS = "$(inherited) @executable_path/Frameworks @loader_path/Frameworks";
				PRODUCT_BUNDLE_IDENTIFIER = "com.deryck13.Alamofire-TestAppUITests";
				PRODUCT_NAME = "$(TARGET_NAME)";
				SWIFT_VERSION = 3.0;
				TEST_TARGET_NAME = "Alamofire-TestApp";
			};
			name = Release;
		};
/* End XCBuildConfiguration section */

/* Begin XCConfigurationList section */
		7087A35F1FFAB02300E96D73 /* Build configuration list for PBXProject "Alamofire-TestApp" */ = {
			isa = XCConfigurationList;
			buildConfigurations = (
				7087A38D1FFAB02400E96D73 /* Debug */,
				7087A38E1FFAB02400E96D73 /* Release */,
			);
			defaultConfigurationIsVisible = 0;
			defaultConfigurationName = Release;
		};
		7087A38F1FFAB02400E96D73 /* Build configuration list for PBXNativeTarget "Alamofire-TestApp" */ = {
			isa = XCConfigurationList;
			buildConfigurations = (
				7087A3901FFAB02400E96D73 /* Debug */,
				7087A3911FFAB02400E96D73 /* Release */,
			);
			defaultConfigurationIsVisible = 0;
			defaultConfigurationName = Release;
		};
		7087A3921FFAB02400E96D73 /* Build configuration list for PBXNativeTarget "Alamofire-TestAppTests" */ = {
			isa = XCConfigurationList;
			buildConfigurations = (
				7087A3931FFAB02400E96D73 /* Debug */,
				7087A3941FFAB02400E96D73 /* Release */,
			);
			defaultConfigurationIsVisible = 0;
			defaultConfigurationName = Release;
		};
		7087A3951FFAB02400E96D73 /* Build configuration list for PBXNativeTarget "Alamofire-TestAppUITests" */ = {
			isa = XCConfigurationList;
			buildConfigurations = (
				7087A3961FFAB02400E96D73 /* Debug */,
				7087A3971FFAB02400E96D73 /* Release */,
			);
			defaultConfigurationIsVisible = 0;
			defaultConfigurationName = Release;
		};
/* End XCConfigurationList section */

/* Begin XCVersionGroup section */
		7087A3A31FFABFD300E96D73 /* Alamofire_TestApp.xcdatamodeld */ = {
			isa = XCVersionGroup;
			children = (
				7087A3A41FFABFD300E96D73 /* Alamofire_TestApp.xcdatamodel */,
			);
			currentVersion = 7087A3A41FFABFD300E96D73 /* Alamofire_TestApp.xcdatamodel */;
			name = Alamofire_TestApp.xcdatamodeld;
			path = CoreData/Alamofire_TestApp.xcdatamodeld;
			sourceTree = "<group>";
			versionGroupType = wrapper.xcdatamodel;
		};
/* End XCVersionGroup section */
	};
	rootObject = 7087A35C1FFAB02300E96D73 /* Project object */;
}
